
Microsoft Visual Studio Solution File, Format Version 12.00
Project("{FAE04EC0-301F-11D3-BF4B-00C04F79EFBC}") = "DAL", "DAL\DAL.csproj", "{93606367-9417-4D2C-9995-67F65E2BEB4C}"
EndProject
Project("{FAE04EC0-301F-11D3-BF4B-00C04F79EFBC}") = "BLL", "BLL\BLL.csproj", "{FFCFC5AC-C34C-4DB1-8FCA-2C1267087EC6}"
EndProject
Project("{FAE04EC0-301F-11D3-BF4B-00C04F79EFBC}") = "WebApp", "WebApp\WebApp.csproj", "{890A9CFA-1804-4457-B3D9-A6A6FE166B28}"
EndProject
Project("{FAE04EC0-301F-11D3-BF4B-00C04F79EFBC}") = "Entities", "Entities\Entities.csproj", "{FA514732-32A4-46AF-845D-00A980EB15C7}"
EndProject
Project("{FAE04EC0-301F-11D3-BF4B-00C04F79EFBC}") = "BLL.Tests", "BLL.Tests\BLL.Tests.csproj", "{5B9CE2A5-B8C8-42BF-9754-FB414217DD61}"
EndProject
Global
	GlobalSection(SolutionConfigurationPlatforms) = preSolution
		Debug|Any CPU = Debug|Any CPU
		Release|Any CPU = Release|Any CPU
	EndGlobalSection
	GlobalSection(ProjectConfigurationPlatforms) = postSolution
		{93606367-9417-4D2C-9995-67F65E2BEB4C}.Debug|Any CPU.ActiveCfg = Debug|Any CPU
		{93606367-9417-4D2C-9995-67F65E2BEB4C}.Release|Any CPU.ActiveCfg = Release|Any CPU
		{93606367-9417-4D2C-9995-67F65E2BEB4C}.Release|Any CPU.Build.0 = Release|Any CPU
		{93606367-9417-4D2C-9995-67F65E2BEB4C}.Debug|Any CPU.Build.0 = Debug|Any CPU
		{FFCFC5AC-C34C-4DB1-8FCA-2C1267087EC6}.Debug|Any CPU.ActiveCfg = Debug|Any CPU
		{FFCFC5AC-C34C-4DB1-8FCA-2C1267087EC6}.Release|Any CPU.ActiveCfg = Release|Any CPU
		{FFCFC5AC-C34C-4DB1-8FCA-2C1267087EC6}.Release|Any CPU.Build.0 = Release|Any CPU
		{FFCFC5AC-C34C-4DB1-8FCA-2C1267087EC6}.Debug|Any CPU.Build.0 = Debug|Any CPU
		{890A9CFA-1804-4457-B3D9-A6A6FE166B28}.Debug|Any CPU.ActiveCfg = Debug|Any CPU
		{890A9CFA-1804-4457-B3D9-A6A6FE166B28}.Debug|Any CPU.Build.0 = Debug|Any CPU
		{890A9CFA-1804-4457-B3D9-A6A6FE166B28}.Release|Any CPU.ActiveCfg = Release|Any CPU
		{890A9CFA-1804-4457-B3D9-A6A6FE166B28}.Release|Any CPU.Build.0 = Release|Any CPU
		{FA514732-32A4-46AF-845D-00A980EB15C7}.Debug|Any CPU.ActiveCfg = Debug|Any CPU
		{FA514732-32A4-46AF-845D-00A980EB15C7}.Debug|Any CPU.Build.0 = Debug|Any CPU
		{FA514732-32A4-46AF-845D-00A980EB15C7}.Release|Any CPU.ActiveCfg = Release|Any CPU
		{FA514732-32A4-46AF-845D-00A980EB15C7}.Release|Any CPU.Build.0 = Release|Any CPU
		{5B9CE2A5-B8C8-42BF-9754-FB414217DD61}.Debug|Any CPU.ActiveCfg = Debug|Any CPU
		{5B9CE2A5-B8C8-42BF-9754-FB414217DD61}.Debug|Any CPU.Build.0 = Debug|Any CPU
		{5B9CE2A5-B8C8-42BF-9754-FB414217DD61}.Release|Any CPU.ActiveCfg = Release|Any CPU
		{5B9CE2A5-B8C8-42BF-9754-FB414217DD61}.Release|Any CPU.Build.0 = Release|Any CPU
	EndGlobalSection
EndGlobal
